PODS:
  - Components/Debug (1.0.0)

DEPENDENCIES:
  - "Components/Debug (from `git@github.com:goncalvesej/components.git`, commit `903ff700281eaafc6cc79412b47b840eeb3e3f43`)"

EXTERNAL SOURCES:
  Components:
    :commit: 903ff700281eaafc6cc79412b47b840eeb3e3f43
    :git: "git@github.com:goncalvesej/components.git"

CHECKOUT OPTIONS:
  Components:
    :commit: 903ff700281eaafc6cc79412b47b840eeb3e3f43
    :git: "git@github.com:goncalvesej/components.git"

SPEC CHECKSUMS:
  Components: 251f394933f05fc011b6b51669c94fa8f5d758b3

PODFILE CHECKSUM: 15f13ff6adccece7b5d51dc83d665ec2e5aaaf4a

COCOAPODS: 1.11.3
