PODS:
  - Components/Debug (1.0.0)

DEPENDENCIES:
  - "Components/Debug (from `git@github.com:goncalvesej/components.git`, commit `ad07aa3a92c0b991bfd5145457b66a1b832e1f1c`)"

EXTERNAL SOURCES:
  Components:
    :commit: ad07aa3a92c0b991bfd5145457b66a1b832e1f1c
    :git: "git@github.com:goncalvesej/components.git"

CHECKOUT OPTIONS:
  Components:
    :commit: ad07aa3a92c0b991bfd5145457b66a1b832e1f1c
    :git: "git@github.com:goncalvesej/components.git"

SPEC CHECKSUMS:
  Components: 251f394933f05fc011b6b51669c94fa8f5d758b3

PODFILE CHECKSUM: d3299fe51e9fcca8e633088d373905972c562c18

COCOAPODS: 1.11.3
